github.com/craftsmandigital/markdown-content-repo v0.0.0-20190912190609-a1d05b25ffd9 h1:qs0iGdUgP/ZZIS1VjF+TB6NErII8YDIuYYPsfA9FOi0=
github.com/craftsmandigital/markdown-content-repo v0.0.0-20190912190609-a1d05b25ffd9/go.mod h1:IokFtpmHjIt5aF7HqLwj4/5iHH9ufF9F/JUMNJQEiFc=
github.com/yihui/hugo-xmin v0.0.0-20190816180901-982dfb320e8a h1:o4jOLinrqSYlWmZO6WThxFDRKyBJC6ZB28kH0WYMt3I=
github.com/yihui/hugo-xmin v0.0.0-20190816180901-982dfb320e8a/go.mod h1:RiCR4psTF4iydlh4bR9BijKIHmivp7IeBaokx0CvzRA=
